// !$*UTF8*$!
{
	archiveVersion = 1;
	classes = {
	};
	objectVersion = 46;
	objects = {

/* Begin PBXBuildFile section */
		273E888E1A621C2000C21620 /* ALPlayerCellView.m in Sources */ = {isa = PBXBuildFile; fileRef = 273E888D1A621C2000C21620 /* ALPlayerCellView.m */; };
		273E88911A62208100C21620 /* ALRoleCellView.m in Sources */ = {isa = PBXBuildFile; fileRef = 273E88901A62208100C21620 /* ALRoleCellView.m */; };
		273E88941A62277200C21620 /* ALCellContainerViewController.m in Sources */ = {isa = PBXBuildFile; fileRef = 273E88931A62277200C21620 /* ALCellContainerViewController.m */; };
		275526031A611894009CCEDB /* ALModel.m in Sources */ = {isa = PBXBuildFile; fileRef = 275526021A611894009CCEDB /* ALModel.m */; };
		279C28441A5FBF060094F467 /* main.m in Sources */ = {isa = PBXBuildFile; fileRef = 279C28431A5FBF060094F467 /* main.m */; };
		279C28471A5FBF060094F467 /* AppDelegate.m in Sources */ = {isa = PBXBuildFile; fileRef = 279C28461A5FBF060094F467 /* AppDelegate.m */; };
		279C284A1A5FBF060094F467 /* ViewController.m in Sources */ = {isa = PBXBuildFile; fileRef = 279C28491A5FBF060094F467 /* ViewController.m */; };
		279C284D1A5FBF060094F467 /* Main.storyboard in Resources */ = {isa = PBXBuildFile; fileRef = 279C284B1A5FBF060094F467 /* Main.storyboard */; };
		279C284F1A5FBF060094F467 /* Images.xcassets in Resources */ = {isa = PBXBuildFile; fileRef = 279C284E1A5FBF060094F467 /* Images.xcassets */; };
		279C28521A5FBF060094F467 /* LaunchScreen.xib in Resources */ = {isa = PBXBuildFile; fileRef = 279C28501A5FBF060094F467 /* LaunchScreen.xib */; };
		279C285E1A5FBF060094F467 /* AvalonTests.m in Sources */ = {isa = PBXBuildFile; fileRef = 279C285D1A5FBF060094F467 /* AvalonTests.m */; };
/* End PBXBuildFile section */

/* Begin PBXContainerItemProxy section */
		279C28581A5FBF060094F467 /* PBXContainerItemProxy */ = {
			isa = PBXContainerItemProxy;
			containerPortal = 279C28361A5FBF060094F467 /* Project object */;
			proxyType = 1;
			remoteGlobalIDString = 279C283D1A5FBF060094F467;
			remoteInfo = Avalon;
		};
/* End PBXContainerItemProxy section */

/* Begin PBXFileReference section */
		273E888C1A621C2000C21620 /* ALPlayerCellView.h */ = {isa = PBXFileReference; fileEncoding = 4; lastKnownFileType = sourcecode.c.h; name = ALPlayerCellView.h; path = Views/ALPlayerCellView.h; sourceTree = "<group>"; };
		273E888D1A621C2000C21620 /* ALPlayerCellView.m */ = {isa = PBXFileReference; fileEncoding = 4; lastKnownFileType = sourcecode.c.objc; name = ALPlayerCellView.m; path = Views/ALPlayerCellView.m; sourceTree = "<group>"; };
		273E888F1A62208100C21620 /* ALRoleCellView.h */ = {isa = PBXFileReference; fileEncoding = 4; lastKnownFileType = sourcecode.c.h; name = ALRoleCellView.h; path = Views/ALRoleCellView.h; sourceTree = "<group>"; };
		273E88901A62208100C21620 /* ALRoleCellView.m */ = {isa = PBXFileReference; fileEncoding = 4; lastKnownFileType = sourcecode.c.objc; name = ALRoleCellView.m; path = Views/ALRoleCellView.m; sourceTree = "<group>"; };
		273E88921A62277200C21620 /* ALCellContainerViewController.h */ = {isa = PBXFileReference; fileEncoding = 4; lastKnownFileType = sourcecode.c.h; name = ALCellContainerViewController.h; path = Controllers/ALCellContainerViewController.h; sourceTree = "<group>"; };
		273E88931A62277200C21620 /* ALCellContainerViewController.m */ = {isa = PBXFileReference; fileEncoding = 4; lastKnownFileType = sourcecode.c.objc; name = ALCellContainerViewController.m; path = Controllers/ALCellContainerViewController.m; sourceTree = "<group>"; };
		275526011A611894009CCEDB /* ALModel.h */ = {isa = PBXFileReference; fileEncoding = 4; lastKnownFileType = sourcecode.c.h; name = ALModel.h; path = Model/ALModel.h; sourceTree = "<group>"; };
		275526021A611894009CCEDB /* ALModel.m */ = {isa = PBXFileReference; fileEncoding = 4; lastKnownFileType = sourcecode.c.objc; name = ALModel.m; path = Model/ALModel.m; sourceTree = "<group>"; };
		2755260B1A616BCC009CCEDB /* ALDefinition.h */ = {isa = PBXFileReference; fileEncoding = 4; lastKnownFileType = sourcecode.c.h; name = ALDefinition.h; path = Model/ALDefinition.h; sourceTree = "<group>"; };
		2755260C1A616F16009CCEDB /* Prefix.pch */ = {isa = PBXFileReference; fileEncoding = 4; lastKnownFileType = sourcecode.c.h; path = Prefix.pch; sourceTree = "<group>"; };
		279C283E1A5FBF060094F467 /* Avalon.app */ = {isa = PBXFileReference; explicitFileType = wrapper.application; includeInIndex = 0; path = Avalon.app; sourceTree = BUILT_PRODUCTS_DIR; };
		279C28421A5FBF060094F467 /* Info.plist */ = {isa = PBXFileReference; lastKnownFileType = text.plist.xml; path = Info.plist; sourceTree = "<group>"; };
		279C28431A5FBF060094F467 /* main.m */ = {isa = PBXFileReference; lastKnownFileType = sourcecode.c.objc; path = main.m; sourceTree = "<group>"; };
		279C28451A5FBF060094F467 /* AppDelegate.h */ = {isa = PBXFileReference; lastKnownFileType = sourcecode.c.h; path = AppDelegate.h; sourceTree = "<group>"; };
		279C28461A5FBF060094F467 /* AppDelegate.m */ = {isa = PBXFileReference; lastKnownFileType = sourcecode.c.objc; path = AppDelegate.m; sourceTree = "<group>"; };
		279C28481A5FBF060094F467 /* ViewController.h */ = {isa = PBXFileReference; lastKnownFileType = sourcecode.c.h; path = ViewController.h; sourceTree = "<group>"; };
		279C28491A5FBF060094F467 /* ViewController.m */ = {isa = PBXFileReference; lastKnownFileType = sourcecode.c.objc; path = ViewController.m; sourceTree = "<group>"; };
		279C284C1A5FBF060094F467 /* Base */ = {isa = PBXFileReference; lastKnownFileType = file.storyboard; name = Base; path = Base.lproj/Main.storyboard; sourceTree = "<group>"; };
		279C284E1A5FBF060094F467 /* Images.xcassets */ = {isa = PBXFileReference; lastKnownFileType = folder.assetcatalog; path = Images.xcassets; sourceTree = "<group>"; };
		279C28511A5FBF060094F467 /* Base */ = {isa = PBXFileReference; lastKnownFileType = file.xib; name = Base; path = Base.lproj/LaunchScreen.xib; sourceTree = "<group>"; };
		279C28571A5FBF060094F467 /* AvalonTests.xctest */ = {isa = PBXFileReference; explicitFileType = wrapper.cfbundle; includeInIndex = 0; path = AvalonTests.xctest; sourceTree = BUILT_PRODUCTS_DIR; };
		279C285C1A5FBF060094F467 /* Info.plist */ = {isa = PBXFileReference; lastKnownFileType = text.plist.xml; path = Info.plist; sourceTree = "<group>"; };
		279C285D1A5FBF060094F467 /* AvalonTests.m */ = {isa = PBXFileReference; lastKnownFileType = sourcecode.c.objc; path = AvalonTests.m; sourceTree = "<group>"; };
/* End PBXFileReference section */

/* Begin PBXFrameworksBuildPhase section */
		279C283B1A5FBF060094F467 /* Frameworks */ = {
			isa = PBXFrameworksBuildPhase;
			buildActionMask = 2147483647;
			files = (
			);
			runOnlyForDeploymentPostprocessing = 0;
		};
		279C28541A5FBF060094F467 /* Frameworks */ = {
			isa = PBXFrameworksBuildPhase;
			buildActionMask = 2147483647;
			files = (
			);
			runOnlyForDeploymentPostprocessing = 0;
		};
/* End PBXFrameworksBuildPhase section */

/* Begin PBXGroup section */
		273E888B1A621BFE00C21620 /* Views */ = {
			isa = PBXGroup;
			children = (
				273E888C1A621C2000C21620 /* ALPlayerCellView.h */,
				273E888D1A621C2000C21620 /* ALPlayerCellView.m */,
				273E888F1A62208100C21620 /* ALRoleCellView.h */,
				273E88901A62208100C21620 /* ALRoleCellView.m */,
			);
			name = Views;
			sourceTree = "<group>";
		};
		275525FF1A611831009CCEDB /* Model */ = {
			isa = PBXGroup;
			children = (
				2755260B1A616BCC009CCEDB /* ALDefinition.h */,
				275526011A611894009CCEDB /* ALModel.h */,
				275526021A611894009CCEDB /* ALModel.m */,
			);
			name = Model;
			sourceTree = "<group>";
		};
		275526001A611839009CCEDB /* Controllers */ = {
			isa = PBXGroup;
			children = (
				273E88921A62277200C21620 /* ALCellContainerViewController.h */,
				273E88931A62277200C21620 /* ALCellContainerViewController.m */,
			);
			name = Controllers;
			sourceTree = "<group>";
		};
		279C28351A5FBF060094F467 = {
			isa = PBXGroup;
			children = (
				279C28401A5FBF060094F467 /* Avalon */,
				279C285A1A5FBF060094F467 /* AvalonTests */,
				279C283F1A5FBF060094F467 /* Products */,
			);
			sourceTree = "<group>";
		};
		279C283F1A5FBF060094F467 /* Products */ = {
			isa = PBXGroup;
			children = (
				279C283E1A5FBF060094F467 /* Avalon.app */,
				279C28571A5FBF060094F467 /* AvalonTests.xctest */,
			);
			name = Products;
			sourceTree = "<group>";
		};
		279C28401A5FBF060094F467 /* Avalon */ = {
			isa = PBXGroup;
			children = (
				273E888B1A621BFE00C21620 /* Views */,
				275526001A611839009CCEDB /* Controllers */,
				275525FF1A611831009CCEDB /* Model */,
				279C28451A5FBF060094F467 /* AppDelegate.h */,
				279C28461A5FBF060094F467 /* AppDelegate.m */,
				279C28481A5FBF060094F467 /* ViewController.h */,
				279C28491A5FBF060094F467 /* ViewController.m */,
				279C284B1A5FBF060094F467 /* Main.storyboard */,
				279C284E1A5FBF060094F467 /* Images.xcassets */,
				279C28501A5FBF060094F467 /* LaunchScreen.xib */,
				279C28411A5FBF060094F467 /* Supporting Files */,
			);
			path = Avalon;
			sourceTree = "<group>";
		};
		279C28411A5FBF060094F467 /* Supporting Files */ = {
			isa = PBXGroup;
			children = (
				2755260C1A616F16009CCEDB /* Prefix.pch */,
				279C28421A5FBF060094F467 /* Info.plist */,
				279C28431A5FBF060094F467 /* main.m */,
			);
			name = "Supporting Files";
			sourceTree = "<group>";
		};
		279C285A1A5FBF060094F467 /* AvalonTests */ = {
			isa = PBXGroup;
			children = (
				279C285D1A5FBF060094F467 /* AvalonTests.m */,
				279C285B1A5FBF060094F467 /* Supporting Files */,
			);
			path = AvalonTests;
			sourceTree = "<group>";
		};
		279C285B1A5FBF060094F467 /* Supporting Files */ = {
			isa = PBXGroup;
			children = (
				279C285C1A5FBF060094F467 /* Info.plist */,
			);
			name = "Supporting Files";
			sourceTree = "<group>";
		};
/* End PBXGroup section */

/* Begin PBXNativeTarget section */
		279C283D1A5FBF060094F467 /* Avalon */ = {
			isa = PBXNativeTarget;
			buildConfigurationList = 279C28611A5FBF060094F467 /* Build configuration list for PBXNativeTarget "Avalon" */;
			buildPhases = (
				279C283A1A5FBF060094F467 /* Sources */,
				279C283B1A5FBF060094F467 /* Frameworks */,
				279C283C1A5FBF060094F467 /* Resources */,
			);
			buildRules = (
			);
			dependencies = (
			);
			name = Avalon;
			productName = Avalon;
			productReference = 279C283E1A5FBF060094F467 /* Avalon.app */;
			productType = "com.apple.product-type.application";
		};
		279C28561A5FBF060094F467 /* AvalonTests */ = {
			isa = PBXNativeTarget;
			buildConfigurationList = 279C28641A5FBF060094F467 /* Build configuration list for PBXNativeTarget "AvalonTests" */;
			buildPhases = (
				279C28531A5FBF060094F467 /* Sources */,
				279C28541A5FBF060094F467 /* Frameworks */,
				279C28551A5FBF060094F467 /* Resources */,
			);
			buildRules = (
			);
			dependencies = (
				279C28591A5FBF060094F467 /* PBXTargetDependency */,
			);
			name = AvalonTests;
			productName = AvalonTests;
			productReference = 279C28571A5FBF060094F467 /* AvalonTests.xctest */;
			productType = "com.apple.product-type.bundle.unit-test";
		};
/* End PBXNativeTarget section */

/* Begin PBXProject section */
		279C28361A5FBF060094F467 /* Project object */ = {
			isa = PBXProject;
			attributes = {
				LastUpgradeCheck = 0610;
				ORGANIZATIONNAME = "Chinesedfan on Github";
				TargetAttributes = {
					279C283D1A5FBF060094F467 = {
						CreatedOnToolsVersion = 6.1;
					};
					279C28561A5FBF060094F467 = {
						CreatedOnToolsVersion = 6.1;
						TestTargetID = 279C283D1A5FBF060094F467;
					};
				};
			};
			buildConfigurationList = 279C28391A5FBF060094F467 /* Build configuration list for PBXProject "Avalon" */;
			compatibilityVersion = "Xcode 3.2";
			developmentRegion = English;
			hasScannedForEncodings = 0;
			knownRegions = (
				en,
				Base,
			);
			mainGroup = 279C28351A5FBF060094F467;
			productRefGroup = 279C283F1A5FBF060094F467 /* Products */;
			projectDirPath = "";
			projectRoot = "";
			targets = (
				279C283D1A5FBF060094F467 /* Avalon */,
				279C28561A5FBF060094F467 /* AvalonTests */,
			);
		};
/* End PBXProject section */

/* Begin PBXResourcesBuildPhase section */
		279C283C1A5FBF060094F467 /* Resources */ = {
			isa = PBXResourcesBuildPhase;
			buildActionMask = 2147483647;
			files = (
				279C284D1A5FBF060094F467 /* Main.storyboard in Resources */,
				279C28521A5FBF060094F467 /* LaunchScreen.xib in Resources */,
				279C284F1A5FBF060094F467 /* Images.xcassets in Resources */,
			);
			runOnlyForDeploymentPostprocessing = 0;
		};
		279C28551A5FBF060094F467 /* Resources */ = {
			isa = PBXResourcesBuildPhase;
			buildActionMask = 2147483647;
			files = (
			);
			runOnlyForDeploymentPostprocessing = 0;
		};
/* End PBXResourcesBuildPhase section */

/* Begin PBXSourcesBuildPhase section */
		279C283A1A5FBF060094F467 /* Sources */ = {
			isa = PBXSourcesBuildPhase;
			buildActionMask = 2147483647;
			files = (
				273E888E1A621C2000C21620 /* ALPlayerCellView.m in Sources */,
				279C284A1A5FBF060094F467 /* ViewController.m in Sources */,
				279C28471A5FBF060094F467 /* AppDelegate.m in Sources */,
				273E88911A62208100C21620 /* ALRoleCellView.m in Sources */,
				273E88941A62277200C21620 /* ALCellContainerViewController.m in Sources */,
				275526031A611894009CCEDB /* ALModel.m in Sources */,
				279C28441A5FBF060094F467 /* main.m in Sources */,
			);
			runOnlyForDeploymentPostprocessing = 0;
		};
		279C28531A5FBF060094F467 /* Sources */ = {
			isa = PBXSourcesBuildPhase;
			buildActionMask = 2147483647;
			files = (
				279C285E1A5FBF060094F467 /* AvalonTests.m in Sources */,
			);
			runOnlyForDeploymentPostprocessing = 0;
		};
/* End PBXSourcesBuildPhase section */

/* Begin PBXTargetDependency section */
		279C28591A5FBF060094F467 /* PBXTargetDependency */ = {
			isa = PBXTargetDependency;
			target = 279C283D1A5FBF060094F467 /* Avalon */;
			targetProxy = 279C28581A5FBF060094F467 /* PBXContainerItemProxy */;
		};
/* End PBXTargetDependency section */

/* Begin PBXVariantGroup section */
		279C284B1A5FBF060094F467 /* Main.storyboard */ = {
			isa = PBXVariantGroup;
			children = (
				279C284C1A5FBF060094F467 /* Base */,
			);
			name = Main.storyboard;
			sourceTree = "<group>";
		};
		279C28501A5FBF060094F467 /* LaunchScreen.xib */ = {
			isa = PBXVariantGroup;
			children = (
				279C28511A5FBF060094F467 /* Base */,
			);
			name = LaunchScreen.xib;
			sourceTree = "<group>";
		};
/* End PBXVariantGroup section */

/* Begin XCBuildConfiguration section */
		279C285F1A5FBF060094F467 /* Debug */ = {
			isa = XCBuildConfiguration;
			buildSettings = {
				ALWAYS_SEARCH_USER_PATHS = NO;
				CLANG_CXX_LANGUAGE_STANDARD = "gnu++0x";
				CLANG_CXX_LIBRARY = "libc++";
				CLANG_ENABLE_MODULES = YES;
				CLANG_ENABLE_OBJC_ARC = YES;
				CLANG_WARN_BOOL_CONVERSION = YES;
				CLANG_WARN_CONSTANT_CONVERSION = YES;
				CLANG_WARN_DIRECT_OBJC_ISA_USAGE = YES_ERROR;
				CLANG_WARN_EMPTY_BODY = YES;
				CLANG_WARN_ENUM_CONVERSION = YES;
				CLANG_WARN_INT_CONVERSION = YES;
				CLANG_WARN_OBJC_ROOT_CLASS = YES_ERROR;
				CLANG_WARN_UNREACHABLE_CODE = YES;
				CLANG_WARN__DUPLICATE_METHOD_MATCH = YES;
				"CODE_SIGN_IDENTITY[sdk=iphoneos*]" = "iPhone Developer";
				COPY_PHASE_STRIP = NO;
				ENABLE_STRICT_OBJC_MSGSEND = YES;
				GCC_C_LANGUAGE_STANDARD = gnu99;
				GCC_DYNAMIC_NO_PIC = NO;
				GCC_OPTIMIZATION_LEVEL = 0;
				GCC_PREPROCESSOR_DEFINITIONS = (
					"DEBUG=1",
					"$(inherited)",
				);
				GCC_SYMBOLS_PRIVATE_EXTERN = NO;
				GCC_WARN_64_TO_32_BIT_CONVERSION = YES;
				GCC_WARN_ABOUT_RETURN_TYPE = YES_ERROR;
				GCC_WARN_UNDECLARED_SELECTOR = YES;
				GCC_WARN_UNINITIALIZED_AUTOS = YES_AGGRESSIVE;
				GCC_WARN_UNUSED_FUNCTION = YES;
				GCC_WARN_UNUSED_VARIABLE = YES;
				IPHONEOS_DEPLOYMENT_TARGET = 8.1;
				MTL_ENABLE_DEBUG_INFO = YES;
				ONLY_ACTIVE_ARCH = YES;
				SDKROOT = iphoneos;
				TARGETED_DEVICE_FAMILY = "1,2";
			};
			name = Debug;
		};
		279C28601A5FBF060094F467 /* Release */ = {
			isa = XCBuildConfiguration;
			buildSettings = {
				ALWAYS_SEARCH_USER_PATHS = NO;
				CLANG_CXX_LANGUAGE_STANDARD = "gnu++0x";
				CLANG_CXX_LIBRARY = "libc++";
				CLANG_ENABLE_MODULES = YES;
				CLANG_ENABLE_OBJC_ARC = YES;
				CLANG_WARN_BOOL_CONVERSION = YES;
				CLANG_WARN_CONSTANT_CONVERSION = YES;
				CLANG_WARN_DIRECT_OBJC_ISA_USAGE = YES_ERROR;
				CLANG_WARN_EMPTY_BODY = YES;
				CLANG_WARN_ENUM_CONVERSION = YES;
				CLANG_WARN_INT_CONVERSION = YES;
				CLANG_WARN_OBJC_ROOT_CLASS = YES_ERROR;
				CLANG_WARN_UNREACHABLE_CODE = YES;
				CLANG_WARN__DUPLICATE_METHOD_MATCH = YES;
				"CODE_SIGN_IDENTITY[sdk=iphoneos*]" = "iPhone Developer";
				COPY_PHASE_STRIP = YES;
				ENABLE_NS_ASSERTIONS = NO;
				ENABLE_STRICT_OBJC_MSGSEND = YES;
				GCC_C_LANGUAGE_STANDARD = gnu99;
				GCC_WARN_64_TO_32_BIT_CONVERSION = YES;
				GCC_WARN_ABOUT_RETURN_TYPE = YES_ERROR;
				GCC_WARN_UNDECLARED_SELECTOR = YES;
				GCC_WARN_UNINITIALIZED_AUTOS = YES_AGGRESSIVE;
				GCC_WARN_UNUSED_FUNCTION = YES;
				GCC_WARN_UNUSED_VARIABLE = YES;
				IPHONEOS_DEPLOYMENT_TARGET = 8.1;
				MTL_ENABLE_DEBUG_INFO = NO;
				SDKROOT = iphoneos;
				TARGETED_DEVICE_FAMILY = "1,2";
				VALIDATE_PRODUCT = YES;
			};
			name = Release;
		};
		279C28621A5FBF060094F467 /* Debug */ = {
			isa = XCBuildConfiguration;
			buildSettings = {
				ASSETCATALOG_COMPILER_APPICON_NAME = AppIcon;
				GCC_PRECOMPILE_PREFIX_HEADER = YES;
				GCC_PREFIX_HEADER = Avalon/Prefix.pch;
				INFOPLIST_FILE = Avalon/Info.plist;
				LD_RUNPATH_SEARCH_PATHS = "$(inherited) @executable_path/Frameworks";
				PRODUCT_NAME = "$(TARGET_NAME)";
			};
			name = Debug;
		};
		279C28631A5FBF060094F467 /* Release */ = {
			isa = XCBuildConfiguration;
			buildSettings = {
				ASSETCATALOG_COMPILER_APPICON_NAME = AppIcon;
				GCC_PRECOMPILE_PREFIX_HEADER = YES;
				GCC_PREFIX_HEADER = Avalon/Prefix.pch;
				INFOPLIST_FILE = Avalon/Info.plist;
				LD_RUNPATH_SEARCH_PATHS = "$(inherited) @executable_path/Frameworks";
				PRODUCT_NAME = "$(TARGET_NAME)";
			};
			name = Release;
		};
		279C28651A5FBF060094F467 /* Debug */ = {
			isa = XCBuildConfiguration;
			buildSettings = {
				BUNDLE_LOADER = "$(TEST_HOST)";
				FRAMEWORK_SEARCH_PATHS = (
					"$(SDKROOT)/Developer/Library/Frameworks",
					"$(inherited)",
				);
				GCC_PREPROCESSOR_DEFINITIONS = (
					"DEBUG=1",
					"$(inherited)",
				);
				INFOPLIST_FILE = AvalonTests/Info.plist;
				LD_RUNPATH_SEARCH_PATHS = "$(inherited) @executable_path/Frameworks @loader_path/Frameworks";
				PRODUCT_NAME = "$(TARGET_NAME)";
				TEST_HOST = "$(BUILT_PRODUCTS_DIR)/Avalon.app/Avalon";
			};
			name = Debug;
		};
		279C28661A5FBF060094F467 /* Release */ = {
			isa = XCBuildConfiguration;
			buildSettings = {
				BUNDLE_LOADER = "$(TEST_HOST)";
				FRAMEWORK_SEARCH_PATHS = (
					"$(SDKROOT)/Developer/Library/Frameworks",
					"$(inherited)",
				);
				INFOPLIST_FILE = AvalonTests/Info.plist;
				LD_RUNPATH_SEARCH_PATHS = "$(inherited) @executable_path/Frameworks @loader_path/Frameworks";
				PRODUCT_NAME = "$(TARGET_NAME)";
				TEST_HOST = "$(BUILT_PRODUCTS_DIR)/Avalon.app/Avalon";
			};
			name = Release;
		};
/* End XCBuildConfiguration section */

/* Begin XCConfigurationList section */
		279C28391A5FBF060094F467 /* Build configuration list for PBXProject "Avalon" */ = {
			isa = XCConfigurationList;
			buildConfigurations = (
				279C285F1A5FBF060094F467 /* Debug */,
				279C28601A5FBF060094F467 /* Release */,
			);
			defaultConfigurationIsVisible = 0;
			defaultConfigurationName = Release;
		};
		279C28611A5FBF060094F467 /* Build configuration list for PBXNativeTarget "Avalon" */ = {
			isa = XCConfigurationList;
			buildConfigurations = (
				279C28621A5FBF060094F467 /* Debug */,
				279C28631A5FBF060094F467 /* Release */,
			);
			defaultConfigurationIsVisible = 0;
			defaultConfigurationName = Release;
		};
		279C28641A5FBF060094F467 /* Build configuration list for PBXNativeTarget "AvalonTests" */ = {
			isa = XCConfigurationList;
			buildConfigurations = (
				279C28651A5FBF060094F467 /* Debug */,
				279C28661A5FBF060094F467 /* Release */,
			);
			defaultConfigurationIsVisible = 0;
			defaultConfigurationName = Release;
		};
/* End XCConfigurationList section */
	};
	rootObject = 279C28361A5FBF060094F467 /* Project object */;
}
